
Microsoft Visual Studio Solution File, Format Version 12.00
# Visual Studio Version 17
VisualStudioVersion = 17.4.33205.214
MinimumVisualStudioVersion = 10.0.40219.1
Project("{FAE04EC0-301F-11D3-BF4B-00C04F79EFBC}") = "TestIndusoftTSDBSdkConsoleApp", "TestIndusoftTSDBSdkConsoleApp\TestIndusoftTSDBSdkConsoleApp.csproj", "{5AE05496-AC32-48E8-8C02-A45402507883}"
EndProject
Global
	GlobalSection(SolutionConfigurationPlatforms) = preSolution
		Debug|Any CPU = Debug|Any CPU
		Release|Any CPU = Release|Any CPU
	EndGlobalSection
	GlobalSection(ProjectConfigurationPlatforms) = postSolution
		{5AE05496-AC32-48E8-8C02-A45402507883}.Debug|Any CPU.ActiveCfg = Debug|Any CPU
		{5AE05496-AC32-48E8-8C02-A45402507883}.Debug|Any CPU.Build.0 = Debug|Any CPU
		{5AE05496-AC32-48E8-8C02-A45402507883}.Release|Any CPU.ActiveCfg = Release|Any CPU
		{5AE05496-AC32-48E8-8C02-A45402507883}.Release|Any CPU.Build.0 = Release|Any CPU
	EndGlobalSection
	GlobalSection(SolutionProperties) = preSolution
		HideSolutionNode = FALSE
	EndGlobalSection
	GlobalSection(ExtensibilityGlobals) = postSolution
		SolutionGuid = {96766ADE-1D0E-4952-AA40-5FD65E8D0406}
	EndGlobalSection
EndGlobal
